
Microsoft Visual Studio Solution File, Format Version 12.00
# Visual Studio 15
VisualStudioVersion = 15.0.28307.1340
MinimumVisualStudioVersion = 10.0.40219.1
Project("{FAE04EC0-301F-11D3-BF4B-00C04F79EFBC}") = "Prefix-Suffix Fields Name", "Prefix-Suffix Fields Name\Prefix-Suffix Fields Name.csproj", "{87A61CCD-0E39-40F9-A9AC-9CA67375391E}"
EndProject
Global
	GlobalSection(SolutionConfigurationPlatforms) = preSolution
		Debug|Any CPU = Debug|Any CPU
		Release|Any CPU = Release|Any CPU
	EndGlobalSection
	GlobalSection(ProjectConfigurationPlatforms) = postSolution
		{87A61CCD-0E39-40F9-A9AC-9CA67375391E}.Debug|Any CPU.ActiveCfg = Debug|Any CPU
		{87A61CCD-0E39-40F9-A9AC-9CA67375391E}.Debug|Any CPU.Build.0 = Debug|Any CPU
		{87A61CCD-0E39-40F9-A9AC-9CA67375391E}.Release|Any CPU.ActiveCfg = Release|Any CPU
		{87A61CCD-0E39-40F9-A9AC-9CA67375391E}.Release|Any CPU.Build.0 = Release|Any CPU
	EndGlobalSection
	GlobalSection(SolutionProperties) = preSolution
		HideSolutionNode = FALSE
	EndGlobalSection
	GlobalSection(ExtensibilityGlobals) = postSolution
		SolutionGuid = {800AEA98-6592-465C-BE7B-6AAFB203939C}
	EndGlobalSection
EndGlobal
